
Microsoft Visual Studio Solution File, Format Version 12.00
# Visual Studio Version 17
VisualStudioVersion = 17.14.36408.4 d17.14
MinimumVisualStudioVersion = 10.0.40219.1
Project("{8BC9CEB8-8B4A-11D0-8D11-00A0C91BC942}") = "ImageSystem", "ImageSystem\ImageSystem.vcxproj", "{2C72115C-40C7-48A5-95FE-615CC5B6F169}"
EndProject
Global
	GlobalSection(SolutionConfigurationPlatforms) = preSolution
		Debug|x64 = Debug|x64
		Release|x64 = Release|x64
	EndGlobalSection
	GlobalSection(ProjectConfigurationPlatforms) = postSolution
		{2C72115C-40C7-48A5-95FE-615CC5B6F169}.Debug|x64.ActiveCfg = Debug|x64
		{2C72115C-40C7-48A5-95FE-615CC5B6F169}.Debug|x64.Build.0 = Debug|x64
		{2C72115C-40C7-48A5-95FE-615CC5B6F169}.Release|x64.ActiveCfg = Release|x64
		{2C72115C-40C7-48A5-95FE-615CC5B6F169}.Release|x64.Build.0 = Release|x64
	EndGlobalSection
	GlobalSection(SolutionProperties) = preSolution
		HideSolutionNode = FALSE
	EndGlobalSection
	GlobalSection(ExtensibilityGlobals) = postSolution
		SolutionGuid = {5C1F969A-A2A9-4B7C-873E-1614ED3ECEB6}
	EndGlobalSection
EndGlobal
